
Microsoft Visual Studio Solution File, Format Version 12.00
# Visual Studio Version 17
VisualStudioVersion = 17.14.36429.23 d17.14
MinimumVisualStudioVersion = 10.0.40219.1
Project("{FAE04EC0-301F-11D3-BF4B-00C04F79EFBC}") = "KampusEtkinlik", "KampusEtkinlik.csproj", "{23CBFE7C-BEF9-42C8-A992-EE50A43725FB}"
EndProject
Global
	GlobalSection(SolutionConfigurationPlatforms) = preSolution
		Debug|Any CPU = Debug|Any CPU
		Release|Any CPU = Release|Any CPU
	EndGlobalSection
	GlobalSection(ProjectConfigurationPlatforms) = postSolution
		{23CBFE7C-BEF9-42C8-A992-EE50A43725FB}.Debug|Any CPU.ActiveCfg = Debug|Any CPU
		{23CBFE7C-BEF9-42C8-A992-EE50A43725FB}.Debug|Any CPU.Build.0 = Debug|Any CPU
		{23CBFE7C-BEF9-42C8-A992-EE50A43725FB}.Release|Any CPU.ActiveCfg = Release|Any CPU
		{23CBFE7C-BEF9-42C8-A992-EE50A43725FB}.Release|Any CPU.Build.0 = Release|Any CPU
	EndGlobalSection
	GlobalSection(SolutionProperties) = preSolution
		HideSolutionNode = FALSE
	EndGlobalSection
	GlobalSection(ExtensibilityGlobals) = postSolution
		SolutionGuid = {2C498B31-7118-4FFF-8F6F-9DE5AFC5BBE6}
	EndGlobalSection
EndGlobal
